
Microsoft Visual Studio Solution File, Format Version 12.00
# Visual Studio 15
VisualStudioVersion = 15.0.28307.168
MinimumVisualStudioVersion = 10.0.40219.1
Project("{FAE04EC0-301F-11D3-BF4B-00C04F79EFBC}") = "CodeDesignExcercise", "CodeDesignExcercise\CodeDesignExcercise.csproj", "{A8695653-DEA1-4F4F-83EF-162FB8EE409D}"
EndProject
Global
	GlobalSection(SolutionConfigurationPlatforms) = preSolution
		Debug|Any CPU = Debug|Any CPU
		Release|Any CPU = Release|Any CPU
	EndGlobalSection
	GlobalSection(ProjectConfigurationPlatforms) = postSolution
		{A8695653-DEA1-4F4F-83EF-162FB8EE409D}.Debug|Any CPU.ActiveCfg = Debug|Any CPU
		{A8695653-DEA1-4F4F-83EF-162FB8EE409D}.Debug|Any CPU.Build.0 = Debug|Any CPU
		{A8695653-DEA1-4F4F-83EF-162FB8EE409D}.Release|Any CPU.ActiveCfg = Release|Any CPU
		{A8695653-DEA1-4F4F-83EF-162FB8EE409D}.Release|Any CPU.Build.0 = Release|Any CPU
	EndGlobalSection
	GlobalSection(SolutionProperties) = preSolution
		HideSolutionNode = FALSE
	EndGlobalSection
	GlobalSection(ExtensibilityGlobals) = postSolution
		SolutionGuid = {220BA727-88C9-48E0-B5EE-DAD534A19B49}
	EndGlobalSection
EndGlobal
